
Microsoft Visual Studio Solution File, Format Version 9.00
# Visual Studio 2005
Project("{FAE04EC0-301F-11D3-BF4B-00C04F79EFBC}") = "Seguranca.Forms", "Seguranca.Forms.csproj", "{D9ACF4D3-A89B-4EB0-ADF9-A407031DBC24}"
	ProjectSection(WebsiteProperties) = preProject
		Debug.AspNetCompiler.Debug = "True"
		Release.AspNetCompiler.Debug = "False"
	EndProjectSection
EndProject
Global
	GlobalSection(TeamFoundationVersionControl) = preSolution
		SccNumberOfProjects = 2
		SccEnterpriseProvider = {4CA58AB2-18FA-4F8D-95D4-32DDF27D184C}
		SccTeamFoundationServer = http://devhac01:8080/
		SccLocalPath0 = .
		SccProjectUniqueName1 = Seguranca.Forms.csproj
		SccLocalPath1 = .
	EndGlobalSection
	GlobalSection(SolutionConfigurationPlatforms) = preSolution
		Debug|Any CPU = Debug|Any CPU
		Release|Any CPU = Release|Any CPU
	EndGlobalSection
	GlobalSection(ProjectConfigurationPlatforms) = postSolution
		{D9ACF4D3-A89B-4EB0-ADF9-A407031DBC24}.Debug|Any CPU.ActiveCfg = Debug|Any CPU
		{D9ACF4D3-A89B-4EB0-ADF9-A407031DBC24}.Debug|Any CPU.Build.0 = Debug|Any CPU
		{D9ACF4D3-A89B-4EB0-ADF9-A407031DBC24}.Release|Any CPU.ActiveCfg = Release|Any CPU
		{D9ACF4D3-A89B-4EB0-ADF9-A407031DBC24}.Release|Any CPU.Build.0 = Release|Any CPU
	EndGlobalSection
	GlobalSection(SolutionProperties) = preSolution
		HideSolutionNode = FALSE
	EndGlobalSection
EndGlobal
