
Microsoft Visual Studio Solution File, Format Version 12.00
# Visual Studio Express 2012 for Web
Project("{FAE04EC0-301F-11D3-BF4B-00C04F79EFBC}") = "sgs-admin", "sgs-admin\sgs-admin.csproj", "{6C7972DE-A076-4765-9AC0-3A2BDAD59829}"
EndProject
Global
	GlobalSection(TeamFoundationVersionControl) = preSolution
		SccNumberOfProjects = 2
		SccEnterpriseProvider = {4CA58AB2-18FA-4F8D-95D4-32DDF27D184C}
		SccTeamFoundationServer = https://marcusrelva.visualstudio.com/defaultcollection
		SccLocalPath0 = .
		SccProjectUniqueName1 = sgs-admin\\sgs-admin.csproj
		SccProjectName1 = sgs-admin
		SccLocalPath1 = sgs-admin
	EndGlobalSection
	GlobalSection(SolutionConfigurationPlatforms) = preSolution
		Debug|Any CPU = Debug|Any CPU
		Release|Any CPU = Release|Any CPU
	EndGlobalSection
	GlobalSection(ProjectConfigurationPlatforms) = postSolution
		{6C7972DE-A076-4765-9AC0-3A2BDAD59829}.Debug|Any CPU.ActiveCfg = Debug|Any CPU
		{6C7972DE-A076-4765-9AC0-3A2BDAD59829}.Debug|Any CPU.Build.0 = Debug|Any CPU
		{6C7972DE-A076-4765-9AC0-3A2BDAD59829}.Release|Any CPU.ActiveCfg = Release|Any CPU
		{6C7972DE-A076-4765-9AC0-3A2BDAD59829}.Release|Any CPU.Build.0 = Release|Any CPU
	EndGlobalSection
	GlobalSection(SolutionProperties) = preSolution
		HideSolutionNode = FALSE
	EndGlobalSection
EndGlobal
